
Microsoft Visual Studio Solution File, Format Version 12.00
# Visual Studio Version 17
VisualStudioVersion = 17.5.002.0
MinimumVisualStudioVersion = 10.0.40219.1
Project("{9A19103F-16F7-4668-BE54-9A1E7A4F7556}") = "QuoraClone", "QuoraClone.csproj", "{BA44CBF6-F8B5-4F4D-A3E7-7C39DC0C63AF}"
EndProject
Global
	GlobalSection(SolutionConfigurationPlatforms) = preSolution
		Debug|Any CPU = Debug|Any CPU
		Release|Any CPU = Release|Any CPU
	EndGlobalSection
	GlobalSection(ProjectConfigurationPlatforms) = postSolution
		{BA44CBF6-F8B5-4F4D-A3E7-7C39DC0C63AF}.Debug|Any CPU.ActiveCfg = Debug|Any CPU
		{BA44CBF6-F8B5-4F4D-A3E7-7C39DC0C63AF}.Debug|Any CPU.Build.0 = Debug|Any CPU
		{BA44CBF6-F8B5-4F4D-A3E7-7C39DC0C63AF}.Release|Any CPU.ActiveCfg = Release|Any CPU
		{BA44CBF6-F8B5-4F4D-A3E7-7C39DC0C63AF}.Release|Any CPU.Build.0 = Release|Any CPU
	EndGlobalSection
	GlobalSection(SolutionProperties) = preSolution
		HideSolutionNode = FALSE
	EndGlobalSection
	GlobalSection(ExtensibilityGlobals) = postSolution
		SolutionGuid = {390C66A4-D7E6-48BC-B369-C7CE4B3284DB}
	EndGlobalSection
EndGlobal
